
Microsoft Visual Studio Solution File, Format Version 12.00
# Visual Studio 2013
VisualStudioVersion = 12.0.30723.0
MinimumVisualStudioVersion = 10.0.40219.1
Project("{2150E333-8FDC-42A3-9474-1A3956D46DE8}") = "Bigrivers.Server", "Bigrivers.Server", "{37D499AD-72F7-4E37-ACDE-49FB449EA93C}"
EndProject
Project("{FAE04EC0-301F-11D3-BF4B-00C04F79EFBC}") = "Bigrivers.Server.Model", "Bigrivers.Server\Bigrivers.Server.Model\Bigrivers.Server.Model.csproj", "{60736E2E-C3AC-4BE6-AC19-EC11DC6B9F0D}"
EndProject
Project("{2150E333-8FDC-42A3-9474-1A3956D46DE8}") = ".nuget", ".nuget", "{78A58401-592E-45F2-BB7F-DF26F59E1502}"
	ProjectSection(SolutionItems) = preProject
		.nuget\NuGet.Config = .nuget\NuGet.Config
		.nuget\NuGet.exe = .nuget\NuGet.exe
		.nuget\NuGet.targets = .nuget\NuGet.targets
	EndProjectSection
EndProject
Project("{FAE04EC0-301F-11D3-BF4B-00C04F79EFBC}") = "Bigrivers.Server.Data", "Bigrivers.Server\Bigrivers.Server.Data\Bigrivers.Server.Data.csproj", "{26178F23-AB38-4B96-89F9-04B580C660DB}"
EndProject
Project("{2150E333-8FDC-42A3-9474-1A3956D46DE8}") = "Bigrivers.Client", "Bigrivers.Client", "{FA59E915-5D6D-446B-B80F-B1CE7F5A1FF3}"
EndProject
Project("{FAE04EC0-301F-11D3-BF4B-00C04F79EFBC}") = "Bigrivers.Client.WebApplication", "Bigrivers.Client\Bigrivers.Client.WebApplication\Bigrivers.Client.WebApplication.csproj", "{4EB545E1-49D0-4AFF-9EAF-982F237DAE24}"
EndProject
Global
	GlobalSection(SolutionConfigurationPlatforms) = preSolution
		Debug|Any CPU = Debug|Any CPU
		Release|Any CPU = Release|Any CPU
	EndGlobalSection
	GlobalSection(ProjectConfigurationPlatforms) = postSolution
		{60736E2E-C3AC-4BE6-AC19-EC11DC6B9F0D}.Debug|Any CPU.ActiveCfg = Debug|Any CPU
		{60736E2E-C3AC-4BE6-AC19-EC11DC6B9F0D}.Debug|Any CPU.Build.0 = Debug|Any CPU
		{60736E2E-C3AC-4BE6-AC19-EC11DC6B9F0D}.Release|Any CPU.ActiveCfg = Release|Any CPU
		{60736E2E-C3AC-4BE6-AC19-EC11DC6B9F0D}.Release|Any CPU.Build.0 = Release|Any CPU
		{26178F23-AB38-4B96-89F9-04B580C660DB}.Debug|Any CPU.ActiveCfg = Debug|Any CPU
		{26178F23-AB38-4B96-89F9-04B580C660DB}.Debug|Any CPU.Build.0 = Debug|Any CPU
		{26178F23-AB38-4B96-89F9-04B580C660DB}.Release|Any CPU.ActiveCfg = Release|Any CPU
		{26178F23-AB38-4B96-89F9-04B580C660DB}.Release|Any CPU.Build.0 = Release|Any CPU
		{4EB545E1-49D0-4AFF-9EAF-982F237DAE24}.Debug|Any CPU.ActiveCfg = Debug|Any CPU
		{4EB545E1-49D0-4AFF-9EAF-982F237DAE24}.Debug|Any CPU.Build.0 = Debug|Any CPU
		{4EB545E1-49D0-4AFF-9EAF-982F237DAE24}.Release|Any CPU.ActiveCfg = Release|Any CPU
		{4EB545E1-49D0-4AFF-9EAF-982F237DAE24}.Release|Any CPU.Build.0 = Release|Any CPU
	EndGlobalSection
	GlobalSection(SolutionProperties) = preSolution
		HideSolutionNode = FALSE
	EndGlobalSection
	GlobalSection(NestedProjects) = preSolution
		{60736E2E-C3AC-4BE6-AC19-EC11DC6B9F0D} = {37D499AD-72F7-4E37-ACDE-49FB449EA93C}
		{26178F23-AB38-4B96-89F9-04B580C660DB} = {37D499AD-72F7-4E37-ACDE-49FB449EA93C}
		{4EB545E1-49D0-4AFF-9EAF-982F237DAE24} = {FA59E915-5D6D-446B-B80F-B1CE7F5A1FF3}
	EndGlobalSection
EndGlobal
